
Microsoft Visual Studio Solution File, Format Version 12.00
# Visual Studio Version 16
VisualStudioVersion = 16.0.31402.337
MinimumVisualStudioVersion = 10.0.40219.1
Project("{FAE04EC0-301F-11D3-BF4B-00C04F79EFBC}") = "QoutePage1.Android", "QoutePage1\QoutePage1.Android\QoutePage1.Android.csproj", "{B063896D-E13B-48D7-8E52-D03D764BF614}"
EndProject
Project("{FAE04EC0-301F-11D3-BF4B-00C04F79EFBC}") = "QoutePage1.iOS", "QoutePage1\QoutePage1.iOS\QoutePage1.iOS.csproj", "{BB845438-6AFD-4637-BFBE-C9CC92A9AA1F}"
EndProject
Project("{FAE04EC0-301F-11D3-BF4B-00C04F79EFBC}") = "QoutePage1", "QoutePage1\QoutePage1\QoutePage1.csproj", "{EB58144B-9DF2-4A8F-9506-ABCB09615900}"
EndProject
Global
	GlobalSection(SolutionConfigurationPlatforms) = preSolution
		Debug|Any CPU = Debug|Any CPU
		Debug|iPhone = Debug|iPhone
		Debug|iPhoneSimulator = Debug|iPhoneSimulator
		Release|Any CPU = Release|Any CPU
		Release|iPhone = Release|iPhone
		Release|iPhoneSimulator = Release|iPhoneSimulator
	EndGlobalSection
	GlobalSection(ProjectConfigurationPlatforms) = postSolution
		{B063896D-E13B-48D7-8E52-D03D764BF614}.Debug|Any CPU.ActiveCfg = Debug|Any CPU
		{B063896D-E13B-48D7-8E52-D03D764BF614}.Debug|Any CPU.Build.0 = Debug|Any CPU
		{B063896D-E13B-48D7-8E52-D03D764BF614}.Debug|Any CPU.Deploy.0 = Debug|Any CPU
		{B063896D-E13B-48D7-8E52-D03D764BF614}.Debug|iPhone.ActiveCfg = Debug|Any CPU
		{B063896D-E13B-48D7-8E52-D03D764BF614}.Debug|iPhone.Build.0 = Debug|Any CPU
		{B063896D-E13B-48D7-8E52-D03D764BF614}.Debug|iPhone.Deploy.0 = Debug|Any CPU
		{B063896D-E13B-48D7-8E52-D03D764BF614}.Debug|iPhoneSimulator.ActiveCfg = Debug|Any CPU
		{B063896D-E13B-48D7-8E52-D03D764BF614}.Debug|iPhoneSimulator.Build.0 = Debug|Any CPU
		{B063896D-E13B-48D7-8E52-D03D764BF614}.Debug|iPhoneSimulator.Deploy.0 = Debug|Any CPU
		{B063896D-E13B-48D7-8E52-D03D764BF614}.Release|Any CPU.ActiveCfg = Release|Any CPU
		{B063896D-E13B-48D7-8E52-D03D764BF614}.Release|Any CPU.Build.0 = Release|Any CPU
		{B063896D-E13B-48D7-8E52-D03D764BF614}.Release|Any CPU.Deploy.0 = Release|Any CPU
		{B063896D-E13B-48D7-8E52-D03D764BF614}.Release|iPhone.ActiveCfg = Release|Any CPU
		{B063896D-E13B-48D7-8E52-D03D764BF614}.Release|iPhone.Build.0 = Release|Any CPU
		{B063896D-E13B-48D7-8E52-D03D764BF614}.Release|iPhone.Deploy.0 = Release|Any CPU
		{B063896D-E13B-48D7-8E52-D03D764BF614}.Release|iPhoneSimulator.ActiveCfg = Release|Any CPU
		{B063896D-E13B-48D7-8E52-D03D764BF614}.Release|iPhoneSimulator.Build.0 = Release|Any CPU
		{B063896D-E13B-48D7-8E52-D03D764BF614}.Release|iPhoneSimulator.Deploy.0 = Release|Any CPU
		{BB845438-6AFD-4637-BFBE-C9CC92A9AA1F}.Debug|Any CPU.ActiveCfg = Debug|iPhone
		{BB845438-6AFD-4637-BFBE-C9CC92A9AA1F}.Debug|Any CPU.Build.0 = Debug|iPhone
		{BB845438-6AFD-4637-BFBE-C9CC92A9AA1F}.Debug|Any CPU.Deploy.0 = Debug|iPhone
		{BB845438-6AFD-4637-BFBE-C9CC92A9AA1F}.Debug|iPhone.ActiveCfg = Debug|iPhone
		{BB845438-6AFD-4637-BFBE-C9CC92A9AA1F}.Debug|iPhone.Build.0 = Debug|iPhone
		{BB845438-6AFD-4637-BFBE-C9CC92A9AA1F}.Debug|iPhone.Deploy.0 = Debug|iPhone
		{BB845438-6AFD-4637-BFBE-C9CC92A9AA1F}.Debug|iPhoneSimulator.ActiveCfg = Debug|iPhoneSimulator
		{BB845438-6AFD-4637-BFBE-C9CC92A9AA1F}.Debug|iPhoneSimulator.Build.0 = Debug|iPhoneSimulator
		{BB845438-6AFD-4637-BFBE-C9CC92A9AA1F}.Debug|iPhoneSimulator.Deploy.0 = Debug|iPhoneSimulator
		{BB845438-6AFD-4637-BFBE-C9CC92A9AA1F}.Release|Any CPU.ActiveCfg = Release|iPhoneSimulator
		{BB845438-6AFD-4637-BFBE-C9CC92A9AA1F}.Release|Any CPU.Build.0 = Release|iPhoneSimulator
		{BB845438-6AFD-4637-BFBE-C9CC92A9AA1F}.Release|Any CPU.Deploy.0 = Release|iPhoneSimulator
		{BB845438-6AFD-4637-BFBE-C9CC92A9AA1F}.Release|iPhone.ActiveCfg = Release|iPhone
		{BB845438-6AFD-4637-BFBE-C9CC92A9AA1F}.Release|iPhone.Build.0 = Release|iPhone
		{BB845438-6AFD-4637-BFBE-C9CC92A9AA1F}.Release|iPhone.Deploy.0 = Release|iPhone
		{BB845438-6AFD-4637-BFBE-C9CC92A9AA1F}.Release|iPhoneSimulator.ActiveCfg = Release|iPhoneSimulator
		{BB845438-6AFD-4637-BFBE-C9CC92A9AA1F}.Release|iPhoneSimulator.Build.0 = Release|iPhoneSimulator
		{BB845438-6AFD-4637-BFBE-C9CC92A9AA1F}.Release|iPhoneSimulator.Deploy.0 = Release|iPhoneSimulator
		{EB58144B-9DF2-4A8F-9506-ABCB09615900}.Debug|Any CPU.ActiveCfg = Debug|Any CPU
		{EB58144B-9DF2-4A8F-9506-ABCB09615900}.Debug|Any CPU.Build.0 = Debug|Any CPU
		{EB58144B-9DF2-4A8F-9506-ABCB09615900}.Debug|Any CPU.Deploy.0 = Debug|Any CPU
		{EB58144B-9DF2-4A8F-9506-ABCB09615900}.Debug|iPhone.ActiveCfg = Debug|Any CPU
		{EB58144B-9DF2-4A8F-9506-ABCB09615900}.Debug|iPhone.Build.0 = Debug|Any CPU
		{EB58144B-9DF2-4A8F-9506-ABCB09615900}.Debug|iPhone.Deploy.0 = Debug|Any CPU
		{EB58144B-9DF2-4A8F-9506-ABCB09615900}.Debug|iPhoneSimulator.ActiveCfg = Debug|Any CPU
		{EB58144B-9DF2-4A8F-9506-ABCB09615900}.Debug|iPhoneSimulator.Build.0 = Debug|Any CPU
		{EB58144B-9DF2-4A8F-9506-ABCB09615900}.Debug|iPhoneSimulator.Deploy.0 = Debug|Any CPU
		{EB58144B-9DF2-4A8F-9506-ABCB09615900}.Release|Any CPU.ActiveCfg = Release|Any CPU
		{EB58144B-9DF2-4A8F-9506-ABCB09615900}.Release|Any CPU.Build.0 = Release|Any CPU
		{EB58144B-9DF2-4A8F-9506-ABCB09615900}.Release|Any CPU.Deploy.0 = Release|Any CPU
		{EB58144B-9DF2-4A8F-9506-ABCB09615900}.Release|iPhone.ActiveCfg = Release|Any CPU
		{EB58144B-9DF2-4A8F-9506-ABCB09615900}.Release|iPhone.Build.0 = Release|Any CPU
		{EB58144B-9DF2-4A8F-9506-ABCB09615900}.Release|iPhone.Deploy.0 = Release|Any CPU
		{EB58144B-9DF2-4A8F-9506-ABCB09615900}.Release|iPhoneSimulator.ActiveCfg = Release|Any CPU
		{EB58144B-9DF2-4A8F-9506-ABCB09615900}.Release|iPhoneSimulator.Build.0 = Release|Any CPU
		{EB58144B-9DF2-4A8F-9506-ABCB09615900}.Release|iPhoneSimulator.Deploy.0 = Release|Any CPU
	EndGlobalSection
	GlobalSection(SolutionProperties) = preSolution
		HideSolutionNode = FALSE
	EndGlobalSection
	GlobalSection(ExtensibilityGlobals) = postSolution
		SolutionGuid = {F243E134-161E-4FA7-AB2D-545629C32A7D}
	EndGlobalSection
EndGlobal
